// !$*UTF8*$!
{
	archiveVersion = 1;
	classes = {
	};
	objectVersion = 56;
	objects = {

/* Begin PBXBuildFile section */
		6D26B9A52C6FF47900267428 /* AppDelegate.swift in Sources */ = {isa = PBXBuildFile; fileRef = 6D26B9A42C6FF47900267428 /* AppDelegate.swift */; };
		6D26B9A72C6FF47900267428 /* SceneDelegate.swift in Sources */ = {isa = PBXBuildFile; fileRef = 6D26B9A62C6FF47900267428 /* SceneDelegate.swift */; };
		6D26B9A92C6FF47900267428 /* ViewController.swift in Sources */ = {isa = PBXBuildFile; fileRef = 6D26B9A82C6FF47900267428 /* ViewController.swift */; };
		6D26B9AC2C6FF47900267428 /* Base in Resources */ = {isa = PBXBuildFile; fileRef = 6D26B9AB2C6FF47900267428 /* Base */; };
		6D26B9AF2C6FF47900267428 /* TymeXTest.xcdatamodeld in Sources */ = {isa = PBXBuildFile; fileRef = 6D26B9AD2C6FF47900267428 /* TymeXTest.xcdatamodeld */; };
		6D26B9B12C6FF47C00267428 /* Assets.xcassets in Resources */ = {isa = PBXBuildFile; fileRef = 6D26B9B02C6FF47C00267428 /* Assets.xcassets */; };
		6D26B9B42C6FF47C00267428 /* Base in Resources */ = {isa = PBXBuildFile; fileRef = 6D26B9B32C6FF47C00267428 /* Base */; };
		6D26B9BF2C6FF47C00267428 /* TymeXTestTests.swift in Sources */ = {isa = PBXBuildFile; fileRef = 6D26B9BE2C6FF47C00267428 /* TymeXTestTests.swift */; };
		6D26B9C92C6FF47C00267428 /* TymeXTestUITests.swift in Sources */ = {isa = PBXBuildFile; fileRef = 6D26B9C82C6FF47C00267428 /* TymeXTestUITests.swift */; };
		6D26B9CB2C6FF47C00267428 /* TymeXTestUITestsLaunchTests.swift in Sources */ = {isa = PBXBuildFile; fileRef = 6D26B9CA2C6FF47C00267428 /* TymeXTestUITestsLaunchTests.swift */; };
/* End PBXBuildFile section */

/* Begin PBXContainerItemProxy section */
		6D26B9BB2C6FF47C00267428 /* PBXContainerItemProxy */ = {
			isa = PBXContainerItemProxy;
			containerPortal = 6D26B9992C6FF47900267428 /* Project object */;
			proxyType = 1;
			remoteGlobalIDString = 6D26B9A02C6FF47900267428;
			remoteInfo = TymeXTest;
		};
		6D26B9C52C6FF47C00267428 /* PBXContainerItemProxy */ = {
			isa = PBXContainerItemProxy;
			containerPortal = 6D26B9992C6FF47900267428 /* Project object */;
			proxyType = 1;
			remoteGlobalIDString = 6D26B9A02C6FF47900267428;
			remoteInfo = TymeXTest;
		};
/* End PBXContainerItemProxy section */

/* Begin PBXFileReference section */
		6D26B9A12C6FF47900267428 /* TymeXTest.app */ = {isa = PBXFileReference; explicitFileType = wrapper.application; includeInIndex = 0; path = TymeXTest.app; sourceTree = BUILT_PRODUCTS_DIR; };
		6D26B9A42C6FF47900267428 /* AppDelegate.swift */ = {isa = PBXFileReference; lastKnownFileType = sourcecode.swift; path = AppDelegate.swift; sourceTree = "<group>"; };
		6D26B9A62C6FF47900267428 /* SceneDelegate.swift */ = {isa = PBXFileReference; lastKnownFileType = sourcecode.swift; path = SceneDelegate.swift; sourceTree = "<group>"; };
		6D26B9A82C6FF47900267428 /* ViewController.swift */ = {isa = PBXFileReference; lastKnownFileType = sourcecode.swift; path = ViewController.swift; sourceTree = "<group>"; };
		6D26B9AB2C6FF47900267428 /* Base */ = {isa = PBXFileReference; lastKnownFileType = file.storyboard; name = Base; path = Base.lproj/Main.storyboard; sourceTree = "<group>"; };
		6D26B9AE2C6FF47900267428 /* TymeXTest.xcdatamodel */ = {isa = PBXFileReference; lastKnownFileType = wrapper.xcdatamodel; path = TymeXTest.xcdatamodel; sourceTree = "<group>"; };
		6D26B9B02C6FF47C00267428 /* Assets.xcassets */ = {isa = PBXFileReference; lastKnownFileType = folder.assetcatalog; path = Assets.xcassets; sourceTree = "<group>"; };
		6D26B9B32C6FF47C00267428 /* Base */ = {isa = PBXFileReference; lastKnownFileType = file.storyboard; name = Base; path = Base.lproj/LaunchScreen.storyboard; sourceTree = "<group>"; };
		6D26B9B52C6FF47C00267428 /* Info.plist */ = {isa = PBXFileReference; lastKnownFileType = text.plist.xml; path = Info.plist; sourceTree = "<group>"; };
		6D26B9BA2C6FF47C00267428 /* TymeXTestTests.xctest */ = {isa = PBXFileReference; explicitFileType = wrapper.cfbundle; includeInIndex = 0; path = TymeXTestTests.xctest; sourceTree = BUILT_PRODUCTS_DIR; };
		6D26B9BE2C6FF47C00267428 /* TymeXTestTests.swift */ = {isa = PBXFileReference; lastKnownFileType = sourcecode.swift; path = TymeXTestTests.swift; sourceTree = "<group>"; };
		6D26B9C42C6FF47C00267428 /* TymeXTestUITests.xctest */ = {isa = PBXFileReference; explicitFileType = wrapper.cfbundle; includeInIndex = 0; path = TymeXTestUITests.xctest; sourceTree = BUILT_PRODUCTS_DIR; };
		6D26B9C82C6FF47C00267428 /* TymeXTestUITests.swift */ = {isa = PBXFileReference; lastKnownFileType = sourcecode.swift; path = TymeXTestUITests.swift; sourceTree = "<group>"; };
		6D26B9CA2C6FF47C00267428 /* TymeXTestUITestsLaunchTests.swift */ = {isa = PBXFileReference; lastKnownFileType = sourcecode.swift; path = TymeXTestUITestsLaunchTests.swift; sourceTree = "<group>"; };
/* End PBXFileReference section */

/* Begin PBXFrameworksBuildPhase section */
		6D26B99E2C6FF47900267428 /* Frameworks */ = {
			isa = PBXFrameworksBuildPhase;
			buildActionMask = 2147483647;
			files = (
			);
			runOnlyForDeploymentPostprocessing = 0;
		};
		6D26B9B72C6FF47C00267428 /* Frameworks */ = {
			isa = PBXFrameworksBuildPhase;
			buildActionMask = 2147483647;
			files = (
			);
			runOnlyForDeploymentPostprocessing = 0;
		};
		6D26B9C12C6FF47C00267428 /* Frameworks */ = {
			isa = PBXFrameworksBuildPhase;
			buildActionMask = 2147483647;
			files = (
			);
			runOnlyForDeploymentPostprocessing = 0;
		};
/* End PBXFrameworksBuildPhase section */

/* Begin PBXGroup section */
		6D26B9982C6FF47900267428 = {
			isa = PBXGroup;
			children = (
				6D26B9A32C6FF47900267428 /* TymeXTest */,
				6D26B9BD2C6FF47C00267428 /* TymeXTestTests */,
				6D26B9C72C6FF47C00267428 /* TymeXTestUITests */,
				6D26B9A22C6FF47900267428 /* Products */,
			);
			sourceTree = "<group>";
		};
		6D26B9A22C6FF47900267428 /* Products */ = {
			isa = PBXGroup;
			children = (
				6D26B9A12C6FF47900267428 /* TymeXTest.app */,
				6D26B9BA2C6FF47C00267428 /* TymeXTestTests.xctest */,
				6D26B9C42C6FF47C00267428 /* TymeXTestUITests.xctest */,
			);
			name = Products;
			sourceTree = "<group>";
		};
		6D26B9A32C6FF47900267428 /* TymeXTest */ = {
			isa = PBXGroup;
			children = (
				6D26B9A42C6FF47900267428 /* AppDelegate.swift */,
				6D26B9A62C6FF47900267428 /* SceneDelegate.swift */,
				6D26B9A82C6FF47900267428 /* ViewController.swift */,
				6D26B9AA2C6FF47900267428 /* Main.storyboard */,
				6D26B9B02C6FF47C00267428 /* Assets.xcassets */,
				6D26B9B22C6FF47C00267428 /* LaunchScreen.storyboard */,
				6D26B9B52C6FF47C00267428 /* Info.plist */,
				6D26B9AD2C6FF47900267428 /* TymeXTest.xcdatamodeld */,
			);
			path = TymeXTest;
			sourceTree = "<group>";
		};
		6D26B9BD2C6FF47C00267428 /* TymeXTestTests */ = {
			isa = PBXGroup;
			children = (
				6D26B9BE2C6FF47C00267428 /* TymeXTestTests.swift */,
			);
			path = TymeXTestTests;
			sourceTree = "<group>";
		};
		6D26B9C72C6FF47C00267428 /* TymeXTestUITests */ = {
			isa = PBXGroup;
			children = (
				6D26B9C82C6FF47C00267428 /* TymeXTestUITests.swift */,
				6D26B9CA2C6FF47C00267428 /* TymeXTestUITestsLaunchTests.swift */,
			);
			path = TymeXTestUITests;
			sourceTree = "<group>";
		};
/* End PBXGroup section */

/* Begin PBXNativeTarget section */
		6D26B9A02C6FF47900267428 /* TymeXTest */ = {
			isa = PBXNativeTarget;
			buildConfigurationList = 6D26B9CE2C6FF47C00267428 /* Build configuration list for PBXNativeTarget "TymeXTest" */;
			buildPhases = (
				6D26B99D2C6FF47900267428 /* Sources */,
				6D26B99E2C6FF47900267428 /* Frameworks */,
				6D26B99F2C6FF47900267428 /* Resources */,
			);
			buildRules = (
			);
			dependencies = (
			);
			name = TymeXTest;
			productName = TymeXTest;
			productReference = 6D26B9A12C6FF47900267428 /* TymeXTest.app */;
			productType = "com.apple.product-type.application";
		};
		6D26B9B92C6FF47C00267428 /* TymeXTestTests */ = {
			isa = PBXNativeTarget;
			buildConfigurationList = 6D26B9D12C6FF47C00267428 /* Build configuration list for PBXNativeTarget "TymeXTestTests" */;
			buildPhases = (
				6D26B9B62C6FF47C00267428 /* Sources */,
				6D26B9B72C6FF47C00267428 /* Frameworks */,
				6D26B9B82C6FF47C00267428 /* Resources */,
			);
			buildRules = (
			);
			dependencies = (
				6D26B9BC2C6FF47C00267428 /* PBXTargetDependency */,
			);
			name = TymeXTestTests;
			productName = TymeXTestTests;
			productReference = 6D26B9BA2C6FF47C00267428 /* TymeXTestTests.xctest */;
			productType = "com.apple.product-type.bundle.unit-test";
		};
		6D26B9C32C6FF47C00267428 /* TymeXTestUITests */ = {
			isa = PBXNativeTarget;
			buildConfigurationList = 6D26B9D42C6FF47C00267428 /* Build configuration list for PBXNativeTarget "TymeXTestUITests" */;
			buildPhases = (
				6D26B9C02C6FF47C00267428 /* Sources */,
				6D26B9C12C6FF47C00267428 /* Frameworks */,
				6D26B9C22C6FF47C00267428 /* Resources */,
			);
			buildRules = (
			);
			dependencies = (
				6D26B9C62C6FF47C00267428 /* PBXTargetDependency */,
			);
			name = TymeXTestUITests;
			productName = TymeXTestUITests;
			productReference = 6D26B9C42C6FF47C00267428 /* TymeXTestUITests.xctest */;
			productType = "com.apple.product-type.bundle.ui-testing";
		};
/* End PBXNativeTarget section */

/* Begin PBXProject section */
		6D26B9992C6FF47900267428 /* Project object */ = {
			isa = PBXProject;
			attributes = {
				BuildIndependentTargetsInParallel = 1;
				LastSwiftUpdateCheck = 1530;
				LastUpgradeCheck = 1530;
				TargetAttributes = {
					6D26B9A02C6FF47900267428 = {
						CreatedOnToolsVersion = 15.3;
					};
					6D26B9B92C6FF47C00267428 = {
						CreatedOnToolsVersion = 15.3;
						TestTargetID = 6D26B9A02C6FF47900267428;
					};
					6D26B9C32C6FF47C00267428 = {
						CreatedOnToolsVersion = 15.3;
						TestTargetID = 6D26B9A02C6FF47900267428;
					};
				};
			};
			buildConfigurationList = 6D26B99C2C6FF47900267428 /* Build configuration list for PBXProject "TymeXTest" */;
			compatibilityVersion = "Xcode 14.0";
			developmentRegion = en;
			hasScannedForEncodings = 0;
			knownRegions = (
				en,
				Base,
			);
			mainGroup = 6D26B9982C6FF47900267428;
			productRefGroup = 6D26B9A22C6FF47900267428 /* Products */;
			projectDirPath = "";
			projectRoot = "";
			targets = (
				6D26B9A02C6FF47900267428 /* TymeXTest */,
				6D26B9B92C6FF47C00267428 /* TymeXTestTests */,
				6D26B9C32C6FF47C00267428 /* TymeXTestUITests */,
			);
		};
/* End PBXProject section */

/* Begin PBXResourcesBuildPhase section */
		6D26B99F2C6FF47900267428 /* Resources */ = {
			isa = PBXResourcesBuildPhase;
			buildActionMask = 2147483647;
			files = (
				6D26B9B12C6FF47C00267428 /* Assets.xcassets in Resources */,
				6D26B9B42C6FF47C00267428 /* Base in Resources */,
				6D26B9AC2C6FF47900267428 /* Base in Resources */,
			);
			runOnlyForDeploymentPostprocessing = 0;
		};
		6D26B9B82C6FF47C00267428 /* Resources */ = {
			isa = PBXResourcesBuildPhase;
			buildActionMask = 2147483647;
			files = (
			);
			runOnlyForDeploymentPostprocessing = 0;
		};
		6D26B9C22C6FF47C00267428 /* Resources */ = {
			isa = PBXResourcesBuildPhase;
			buildActionMask = 2147483647;
			files = (
			);
			runOnlyForDeploymentPostprocessing = 0;
		};
/* End PBXResourcesBuildPhase section */

/* Begin PBXSourcesBuildPhase section */
		6D26B99D2C6FF47900267428 /* Sources */ = {
			isa = PBXSourcesBuildPhase;
			buildActionMask = 2147483647;
			files = (
				6D26B9A92C6FF47900267428 /* ViewController.swift in Sources */,
				6D26B9AF2C6FF47900267428 /* TymeXTest.xcdatamodeld in Sources */,
				6D26B9A52C6FF47900267428 /* AppDelegate.swift in Sources */,
				6D26B9A72C6FF47900267428 /* SceneDelegate.swift in Sources */,
			);
			runOnlyForDeploymentPostprocessing = 0;
		};
		6D26B9B62C6FF47C00267428 /* Sources */ = {
			isa = PBXSourcesBuildPhase;
			buildActionMask = 2147483647;
			files = (
				6D26B9BF2C6FF47C00267428 /* TymeXTestTests.swift in Sources */,
			);
			runOnlyForDeploymentPostprocessing = 0;
		};
		6D26B9C02C6FF47C00267428 /* Sources */ = {
			isa = PBXSourcesBuildPhase;
			buildActionMask = 2147483647;
			files = (
				6D26B9CB2C6FF47C00267428 /* TymeXTestUITestsLaunchTests.swift in Sources */,
				6D26B9C92C6FF47C00267428 /* TymeXTestUITests.swift in Sources */,
			);
			runOnlyForDeploymentPostprocessing = 0;
		};
/* End PBXSourcesBuildPhase section */

/* Begin PBXTargetDependency section */
		6D26B9BC2C6FF47C00267428 /* PBXTargetDependency */ = {
			isa = PBXTargetDependency;
			target = 6D26B9A02C6FF47900267428 /* TymeXTest */;
			targetProxy = 6D26B9BB2C6FF47C00267428 /* PBXContainerItemProxy */;
		};
		6D26B9C62C6FF47C00267428 /* PBXTargetDependency */ = {
			isa = PBXTargetDependency;
			target = 6D26B9A02C6FF47900267428 /* TymeXTest */;
			targetProxy = 6D26B9C52C6FF47C00267428 /* PBXContainerItemProxy */;
		};
/* End PBXTargetDependency section */

/* Begin PBXVariantGroup section */
		6D26B9AA2C6FF47900267428 /* Main.storyboard */ = {
			isa = PBXVariantGroup;
			children = (
				6D26B9AB2C6FF47900267428 /* Base */,
			);
			name = Main.storyboard;
			sourceTree = "<group>";
		};
		6D26B9B22C6FF47C00267428 /* LaunchScreen.storyboard */ = {
			isa = PBXVariantGroup;
			children = (
				6D26B9B32C6FF47C00267428 /* Base */,
			);
			name = LaunchScreen.storyboard;
			sourceTree = "<group>";
		};
/* End PBXVariantGroup section */

/* Begin XCBuildConfiguration section */
		6D26B9CC2C6FF47C00267428 /* Debug */ = {
			isa = XCBuildConfiguration;
			buildSettings = {
				ALWAYS_SEARCH_USER_PATHS = NO;
				ASSETCATALOG_COMPILER_GENERATE_SWIFT_ASSET_SYMBOL_EXTENSIONS = YES;
				CLANG_ANALYZER_NONNULL = YES;
				CLANG_ANALYZER_NUMBER_OBJECT_CONVERSION = YES_AGGRESSIVE;
				CLANG_CXX_LANGUAGE_STANDARD = "gnu++20";
				CLANG_ENABLE_MODULES = YES;
				CLANG_ENABLE_OBJC_ARC = YES;
				CLANG_ENABLE_OBJC_WEAK = YES;
				CLANG_WARN_BLOCK_CAPTURE_AUTORELEASING = YES;
				CLANG_WARN_BOOL_CONVERSION = YES;
				CLANG_WARN_COMMA = YES;
				CLANG_WARN_CONSTANT_CONVERSION = YES;
				CLANG_WARN_DEPRECATED_OBJC_IMPLEMENTATIONS = YES;
				CLANG_WARN_DIRECT_OBJC_ISA_USAGE = YES_ERROR;
				CLANG_WARN_DOCUMENTATION_COMMENTS = YES;
				CLANG_WARN_EMPTY_BODY = YES;
				CLANG_WARN_ENUM_CONVERSION = YES;
				CLANG_WARN_INFINITE_RECURSION = YES;
				CLANG_WARN_INT_CONVERSION = YES;
				CLANG_WARN_NON_LITERAL_NULL_CONVERSION = YES;
				CLANG_WARN_OBJC_IMPLICIT_RETAIN_SELF = YES;
				CLANG_WARN_OBJC_LITERAL_CONVERSION = YES;
				CLANG_WARN_OBJC_ROOT_CLASS = YES_ERROR;
				CLANG_WARN_QUOTED_INCLUDE_IN_FRAMEWORK_HEADER = YES;
				CLANG_WARN_RANGE_LOOP_ANALYSIS = YES;
				CLANG_WARN_STRICT_PROTOTYPES = YES;
				CLANG_WARN_SUSPICIOUS_MOVE = YES;
				CLANG_WARN_UNGUARDED_AVAILABILITY = YES_AGGRESSIVE;
				CLANG_WARN_UNREACHABLE_CODE = YES;
				CLANG_WARN__DUPLICATE_METHOD_MATCH = YES;
				COPY_PHASE_STRIP = NO;
				DEBUG_INFORMATION_FORMAT = dwarf;
				ENABLE_STRICT_OBJC_MSGSEND = YES;
				ENABLE_TESTABILITY = YES;
				ENABLE_USER_SCRIPT_SANDBOXING = YES;
				GCC_C_LANGUAGE_STANDARD = gnu17;
				GCC_DYNAMIC_NO_PIC = NO;
				GCC_NO_COMMON_BLOCKS = YES;
				GCC_OPTIMIZATION_LEVEL = 0;
				GCC_PREPROCESSOR_DEFINITIONS = (
					"DEBUG=1",
					"$(inherited)",
				);
				GCC_WARN_64_TO_32_BIT_CONVERSION = YES;
				GCC_WARN_ABOUT_RETURN_TYPE = YES_ERROR;
				GCC_WARN_UNDECLARED_SELECTOR = YES;
				GCC_WARN_UNINITIALIZED_AUTOS = YES_AGGRESSIVE;
				GCC_WARN_UNUSED_FUNCTION = YES;
				GCC_WARN_UNUSED_VARIABLE = YES;
				IPHONEOS_DEPLOYMENT_TARGET = 17.4;
				LOCALIZATION_PREFERS_STRING_CATALOGS = YES;
				MTL_ENABLE_DEBUG_INFO = INCLUDE_SOURCE;
				MTL_FAST_MATH = YES;
				ONLY_ACTIVE_ARCH = YES;
				SDKROOT = iphoneos;
				SWIFT_ACTIVE_COMPILATION_CONDITIONS = "DEBUG $(inherited)";
				SWIFT_OPTIMIZATION_LEVEL = "-Onone";
			};
			name = Debug;
		};
		6D26B9CD2C6FF47C00267428 /* Release */ = {
			isa = XCBuildConfiguration;
			buildSettings = {
				ALWAYS_SEARCH_USER_PATHS = NO;
				ASSETCATALOG_COMPILER_GENERATE_SWIFT_ASSET_SYMBOL_EXTENSIONS = YES;
				CLANG_ANALYZER_NONNULL = YES;
				CLANG_ANALYZER_NUMBER_OBJECT_CONVERSION = YES_AGGRESSIVE;
				CLANG_CXX_LANGUAGE_STANDARD = "gnu++20";
				CLANG_ENABLE_MODULES = YES;
				CLANG_ENABLE_OBJC_ARC = YES;
				CLANG_ENABLE_OBJC_WEAK = YES;
				CLANG_WARN_BLOCK_CAPTURE_AUTORELEASING = YES;
				CLANG_WARN_BOOL_CONVERSION = YES;
				CLANG_WARN_COMMA = YES;
				CLANG_WARN_CONSTANT_CONVERSION = YES;
				CLANG_WARN_DEPRECATED_OBJC_IMPLEMENTATIONS = YES;
				CLANG_WARN_DIRECT_OBJC_ISA_USAGE = YES_ERROR;
				CLANG_WARN_DOCUMENTATION_COMMENTS = YES;
				CLANG_WARN_EMPTY_BODY = YES;
				CLANG_WARN_ENUM_CONVERSION = YES;
				CLANG_WARN_INFINITE_RECURSION = YES;
				CLANG_WARN_INT_CONVERSION = YES;
				CLANG_WARN_NON_LITERAL_NULL_CONVERSION = YES;
				CLANG_WARN_OBJC_IMPLICIT_RETAIN_SELF = YES;
				CLANG_WARN_OBJC_LITERAL_CONVERSION = YES;
				CLANG_WARN_OBJC_ROOT_CLASS = YES_ERROR;
				CLANG_WARN_QUOTED_INCLUDE_IN_FRAMEWORK_HEADER = YES;
				CLANG_WARN_RANGE_LOOP_ANALYSIS = YES;
				CLANG_WARN_STRICT_PROTOTYPES = YES;
				CLANG_WARN_SUSPICIOUS_MOVE = YES;
				CLANG_WARN_UNGUARDED_AVAILABILITY = YES_AGGRESSIVE;
				CLANG_WARN_UNREACHABLE_CODE = YES;
				CLANG_WARN__DUPLICATE_METHOD_MATCH = YES;
				COPY_PHASE_STRIP = NO;
				DEBUG_INFORMATION_FORMAT = "dwarf-with-dsym";
				ENABLE_NS_ASSERTIONS = NO;
				ENABLE_STRICT_OBJC_MSGSEND = YES;
				ENABLE_USER_SCRIPT_SANDBOXING = YES;
				GCC_C_LANGUAGE_STANDARD = gnu17;
				GCC_NO_COMMON_BLOCKS = YES;
				GCC_WARN_64_TO_32_BIT_CONVERSION = YES;
				GCC_WARN_ABOUT_RETURN_TYPE = YES_ERROR;
				GCC_WARN_UNDECLARED_SELECTOR = YES;
				GCC_WARN_UNINITIALIZED_AUTOS = YES_AGGRESSIVE;
				GCC_WARN_UNUSED_FUNCTION = YES;
				GCC_WARN_UNUSED_VARIABLE = YES;
				IPHONEOS_DEPLOYMENT_TARGET = 17.4;
				LOCALIZATION_PREFERS_STRING_CATALOGS = YES;
				MTL_ENABLE_DEBUG_INFO = NO;
				MTL_FAST_MATH = YES;
				SDKROOT = iphoneos;
				SWIFT_COMPILATION_MODE = wholemodule;
				VALIDATE_PRODUCT = YES;
			};
			name = Release;
		};
		6D26B9CF2C6FF47C00267428 /* Debug */ = {
			isa = XCBuildConfiguration;
			buildSettings = {
				ASSETCATALOG_COMPILER_APPICON_NAME = AppIcon;
				ASSETCATALOG_COMPILER_GLOBAL_ACCENT_COLOR_NAME = AccentColor;
				CODE_SIGN_STYLE = Automatic;
				CURRENT_PROJECT_VERSION = 1;
				DEVELOPMENT_TEAM = PJP86QQLAJ;
				GENERATE_INFOPLIST_FILE = YES;
				INFOPLIST_FILE = TymeXTest/Info.plist;
				INFOPLIST_KEY_UIApplicationSupportsIndirectInputEvents = YES;
				INFOPLIST_KEY_UILaunchStoryboardName = LaunchScreen;
				INFOPLIST_KEY_UIMainStoryboardFile = Main;
				INFOPLIST_KEY_UISupportedInterfaceOrientations_iPad = "UIInterfaceOrientationPortrait UIInterfaceOrientationPortraitUpsideDown UIInterfaceOrientationLandscapeLeft UIInterfaceOrientationLandscapeRight";
				INFOPLIST_KEY_UISupportedInterfaceOrientations_iPhone = "UIInterfaceOrientationPortrait UIInterfaceOrientationLandscapeLeft UIInterfaceOrientationLandscapeRight";
				LD_RUNPATH_SEARCH_PATHS = (
					"$(inherited)",
					"@executable_path/Frameworks",
				);
				MARKETING_VERSION = 1.0;
				PRODUCT_BUNDLE_IDENTIFIER = com.nhut.TymeXTest;
				PRODUCT_NAME = "$(TARGET_NAME)";
				SWIFT_EMIT_LOC_STRINGS = YES;
				SWIFT_VERSION = 5.0;
				TARGETED_DEVICE_FAMILY = "1,2";
			};
			name = Debug;
		};
		6D26B9D02C6FF47C00267428 /* Release */ = {
			isa = XCBuildConfiguration;
			buildSettings = {
				ASSETCATALOG_COMPILER_APPICON_NAME = AppIcon;
				ASSETCATALOG_COMPILER_GLOBAL_ACCENT_COLOR_NAME = AccentColor;
				CODE_SIGN_STYLE = Automatic;
				CURRENT_PROJECT_VERSION = 1;
				DEVELOPMENT_TEAM = PJP86QQLAJ;
				GENERATE_INFOPLIST_FILE = YES;
				INFOPLIST_FILE = TymeXTest/Info.plist;
				INFOPLIST_KEY_UIApplicationSupportsIndirectInputEvents = YES;
				INFOPLIST_KEY_UILaunchStoryboardName = LaunchScreen;
				INFOPLIST_KEY_UIMainStoryboardFile = Main;
				INFOPLIST_KEY_UISupportedInterfaceOrientations_iPad = "UIInterfaceOrientationPortrait UIInterfaceOrientationPortraitUpsideDown UIInterfaceOrientationLandscapeLeft UIInterfaceOrientationLandscapeRight";
				INFOPLIST_KEY_UISupportedInterfaceOrientations_iPhone = "UIInterfaceOrientationPortrait UIInterfaceOrientationLandscapeLeft UIInterfaceOrientationLandscapeRight";
				LD_RUNPATH_SEARCH_PATHS = (
					"$(inherited)",
					"@executable_path/Frameworks",
				);
				MARKETING_VERSION = 1.0;
				PRODUCT_BUNDLE_IDENTIFIER = com.nhut.TymeXTest;
				PRODUCT_NAME = "$(TARGET_NAME)";
				SWIFT_EMIT_LOC_STRINGS = YES;
				SWIFT_VERSION = 5.0;
				TARGETED_DEVICE_FAMILY = "1,2";
			};
			name = Release;
		};
		6D26B9D22C6FF47C00267428 /* Debug */ = {
			isa = XCBuildConfiguration;
			buildSettings = {
				ALWAYS_EMBED_SWIFT_STANDARD_LIBRARIES = YES;
				BUNDLE_LOADER = "$(TEST_HOST)";
				CODE_SIGN_STYLE = Automatic;
				CURRENT_PROJECT_VERSION = 1;
				DEVELOPMENT_TEAM = PJP86QQLAJ;
				GENERATE_INFOPLIST_FILE = YES;
				IPHONEOS_DEPLOYMENT_TARGET = 17.4;
				MARKETING_VERSION = 1.0;
				PRODUCT_BUNDLE_IDENTIFIER = com.nhut.TymeXTestTests;
				PRODUCT_NAME = "$(TARGET_NAME)";
				SWIFT_EMIT_LOC_STRINGS = NO;
				SWIFT_VERSION = 5.0;
				TARGETED_DEVICE_FAMILY = "1,2";
				TEST_HOST = "$(BUILT_PRODUCTS_DIR)/TymeXTest.app/$(BUNDLE_EXECUTABLE_FOLDER_PATH)/TymeXTest";
			};
			name = Debug;
		};
		6D26B9D32C6FF47C00267428 /* Release */ = {
			isa = XCBuildConfiguration;
			buildSettings = {
				ALWAYS_EMBED_SWIFT_STANDARD_LIBRARIES = YES;
				BUNDLE_LOADER = "$(TEST_HOST)";
				CODE_SIGN_STYLE = Automatic;
				CURRENT_PROJECT_VERSION = 1;
				DEVELOPMENT_TEAM = PJP86QQLAJ;
				GENERATE_INFOPLIST_FILE = YES;
				IPHONEOS_DEPLOYMENT_TARGET = 17.4;
				MARKETING_VERSION = 1.0;
				PRODUCT_BUNDLE_IDENTIFIER = com.nhut.TymeXTestTests;
				PRODUCT_NAME = "$(TARGET_NAME)";
				SWIFT_EMIT_LOC_STRINGS = NO;
				SWIFT_VERSION = 5.0;
				TARGETED_DEVICE_FAMILY = "1,2";
				TEST_HOST = "$(BUILT_PRODUCTS_DIR)/TymeXTest.app/$(BUNDLE_EXECUTABLE_FOLDER_PATH)/TymeXTest";
			};
			name = Release;
		};
		6D26B9D52C6FF47C00267428 /* Debug */ = {
			isa = XCBuildConfiguration;
			buildSettings = {
				ALWAYS_EMBED_SWIFT_STANDARD_LIBRARIES = YES;
				CODE_SIGN_STYLE = Automatic;
				CURRENT_PROJECT_VERSION = 1;
				DEVELOPMENT_TEAM = PJP86QQLAJ;
				GENERATE_INFOPLIST_FILE = YES;
				MARKETING_VERSION = 1.0;
				PRODUCT_BUNDLE_IDENTIFIER = com.nhut.TymeXTestUITests;
				PRODUCT_NAME = "$(TARGET_NAME)";
				SWIFT_EMIT_LOC_STRINGS = NO;
				SWIFT_VERSION = 5.0;
				TARGETED_DEVICE_FAMILY = "1,2";
				TEST_TARGET_NAME = TymeXTest;
			};
			name = Debug;
		};
		6D26B9D62C6FF47C00267428 /* Release */ = {
			isa = XCBuildConfiguration;
			buildSettings = {
				ALWAYS_EMBED_SWIFT_STANDARD_LIBRARIES = YES;
				CODE_SIGN_STYLE = Automatic;
				CURRENT_PROJECT_VERSION = 1;
				DEVELOPMENT_TEAM = PJP86QQLAJ;
				GENERATE_INFOPLIST_FILE = YES;
				MARKETING_VERSION = 1.0;
				PRODUCT_BUNDLE_IDENTIFIER = com.nhut.TymeXTestUITests;
				PRODUCT_NAME = "$(TARGET_NAME)";
				SWIFT_EMIT_LOC_STRINGS = NO;
				SWIFT_VERSION = 5.0;
				TARGETED_DEVICE_FAMILY = "1,2";
				TEST_TARGET_NAME = TymeXTest;
			};
			name = Release;
		};
/* End XCBuildConfiguration section */

/* Begin XCConfigurationList section */
		6D26B99C2C6FF47900267428 /* Build configuration list for PBXProject "TymeXTest" */ = {
			isa = XCConfigurationList;
			buildConfigurations = (
				6D26B9CC2C6FF47C00267428 /* Debug */,
				6D26B9CD2C6FF47C00267428 /* Release */,
			);
			defaultConfigurationIsVisible = 0;
			defaultConfigurationName = Release;
		};
		6D26B9CE2C6FF47C00267428 /* Build configuration list for PBXNativeTarget "TymeXTest" */ = {
			isa = XCConfigurationList;
			buildConfigurations = (
				6D26B9CF2C6FF47C00267428 /* Debug */,
				6D26B9D02C6FF47C00267428 /* Release */,
			);
			defaultConfigurationIsVisible = 0;
			defaultConfigurationName = Release;
		};
		6D26B9D12C6FF47C00267428 /* Build configuration list for PBXNativeTarget "TymeXTestTests" */ = {
			isa = XCConfigurationList;
			buildConfigurations = (
				6D26B9D22C6FF47C00267428 /* Debug */,
				6D26B9D32C6FF47C00267428 /* Release */,
			);
			defaultConfigurationIsVisible = 0;
			defaultConfigurationName = Release;
		};
		6D26B9D42C6FF47C00267428 /* Build configuration list for PBXNativeTarget "TymeXTestUITests" */ = {
			isa = XCConfigurationList;
			buildConfigurations = (
				6D26B9D52C6FF47C00267428 /* Debug */,
				6D26B9D62C6FF47C00267428 /* Release */,
			);
			defaultConfigurationIsVisible = 0;
			defaultConfigurationName = Release;
		};
/* End XCConfigurationList section */

/* Begin XCVersionGroup section */
		6D26B9AD2C6FF47900267428 /* TymeXTest.xcdatamodeld */ = {
			isa = XCVersionGroup;
			children = (
				6D26B9AE2C6FF47900267428 /* TymeXTest.xcdatamodel */,
			);
			currentVersion = 6D26B9AE2C6FF47900267428 /* TymeXTest.xcdatamodel */;
			path = TymeXTest.xcdatamodeld;
			sourceTree = "<group>";
			versionGroupType = wrapper.xcdatamodel;
		};
/* End XCVersionGroup section */
	};
	rootObject = 6D26B9992C6FF47900267428 /* Project object */;
}
